
Microsoft Visual Studio Solution File, Format Version 12.00
# Visual Studio Version 17
VisualStudioVersion = 17.8.34330.188
MinimumVisualStudioVersion = 10.0.40219.1
Project("{FAE04EC0-301F-11D3-BF4B-00C04F79EFBC}") = "task-1", "task-1\task-1.csproj", "{1C8912D8-5AB9-40DB-88A3-11BE9D433CCE}"
EndProject
Global
	GlobalSection(SolutionConfigurationPlatforms) = preSolution
		Debug|Any CPU = Debug|Any CPU
		Release|Any CPU = Release|Any CPU
	EndGlobalSection
	GlobalSection(ProjectConfigurationPlatforms) = postSolution
		{1C8912D8-5AB9-40DB-88A3-11BE9D433CCE}.Debug|Any CPU.ActiveCfg = Debug|Any CPU
		{1C8912D8-5AB9-40DB-88A3-11BE9D433CCE}.Debug|Any CPU.Build.0 = Debug|Any CPU
		{1C8912D8-5AB9-40DB-88A3-11BE9D433CCE}.Release|Any CPU.ActiveCfg = Release|Any CPU
		{1C8912D8-5AB9-40DB-88A3-11BE9D433CCE}.Release|Any CPU.Build.0 = Release|Any CPU
	EndGlobalSection
	GlobalSection(SolutionProperties) = preSolution
		HideSolutionNode = FALSE
	EndGlobalSection
	GlobalSection(ExtensibilityGlobals) = postSolution
		SolutionGuid = {14FA4527-20B1-419A-A7FB-F858DB2B4A76}
	EndGlobalSection
EndGlobal
